
Microsoft Visual Studio Solution File, Format Version 12.00
# Visual Studio Version 17
VisualStudioVersion = 17.9.34728.123
MinimumVisualStudioVersion = 10.0.40219.1
Project("{2150E333-8FDC-42A3-9474-1A3956D46DE8}") = "src", "src", "{885FC963-5F7C-4F69-93B6-273688E0AAC6}"
EndProject
Project("{2150E333-8FDC-42A3-9474-1A3956D46DE8}") = "tests", "tests", "{7E391061-CA34-4712-9220-ECDFC56FA8ED}"
EndProject
Project("{FAE04EC0-301F-11D3-BF4B-00C04F79EFBC}") = "PMT.Tests.Unit", "PMT.Tests.Unit\PMT.Tests.Unit.csproj", "{4AF0674E-F162-4F86-93D8-232FEDC81118}"
EndProject
Project("{FAE04EC0-301F-11D3-BF4B-00C04F79EFBC}") = "PMT.Tests.Integration", "PMT.Tests.Integration\PMT.Tests.Integration.csproj", "{3A32D236-A3A4-405F-AE5D-A37EA4B7AEC8}"
EndProject
Project("{FAE04EC0-301F-11D3-BF4B-00C04F79EFBC}") = "PMT.Tests.Architecture", "PMT.Tests.Architecture\PMT.Tests.Architecture.csproj", "{A108F195-357C-4CC9-8F87-6DEBDCC6B181}"
EndProject
Project("{FAE04EC0-301F-11D3-BF4B-00C04F79EFBC}") = "PMT.Domain", "PMT.Domain\PMT.Domain.csproj", "{F60CFED6-43ED-4D43-A242-F7D174C32BA3}"
EndProject
Project("{FAE04EC0-301F-11D3-BF4B-00C04F79EFBC}") = "PMT.Persistance", "PMT.Persistance\PMT.Persistance.csproj", "{BA53035F-2DA3-4ECC-9B76-6FA469CD4332}"
EndProject
Project("{FAE04EC0-301F-11D3-BF4B-00C04F79EFBC}") = "PMT.Infrastructure", "PMT.Infrastructure\PMT.Infrastructure.csproj", "{16BDF24C-8F4C-4032-9308-ABBF588C6ECD}"
EndProject
Project("{FAE04EC0-301F-11D3-BF4B-00C04F79EFBC}") = "PMT.Application", "PMT.Application\PMT.Application.csproj", "{E00361D4-1738-4CB3-B795-E84732076EB9}"
EndProject
Global
	GlobalSection(SolutionConfigurationPlatforms) = preSolution
		Debug|Any CPU = Debug|Any CPU
		Release|Any CPU = Release|Any CPU
	EndGlobalSection
	GlobalSection(ProjectConfigurationPlatforms) = postSolution
		{4AF0674E-F162-4F86-93D8-232FEDC81118}.Debug|Any CPU.ActiveCfg = Debug|Any CPU
		{4AF0674E-F162-4F86-93D8-232FEDC81118}.Debug|Any CPU.Build.0 = Debug|Any CPU
		{4AF0674E-F162-4F86-93D8-232FEDC81118}.Release|Any CPU.ActiveCfg = Release|Any CPU
		{4AF0674E-F162-4F86-93D8-232FEDC81118}.Release|Any CPU.Build.0 = Release|Any CPU
		{3A32D236-A3A4-405F-AE5D-A37EA4B7AEC8}.Debug|Any CPU.ActiveCfg = Debug|Any CPU
		{3A32D236-A3A4-405F-AE5D-A37EA4B7AEC8}.Debug|Any CPU.Build.0 = Debug|Any CPU
		{3A32D236-A3A4-405F-AE5D-A37EA4B7AEC8}.Release|Any CPU.ActiveCfg = Release|Any CPU
		{3A32D236-A3A4-405F-AE5D-A37EA4B7AEC8}.Release|Any CPU.Build.0 = Release|Any CPU
		{A108F195-357C-4CC9-8F87-6DEBDCC6B181}.Debug|Any CPU.ActiveCfg = Debug|Any CPU
		{A108F195-357C-4CC9-8F87-6DEBDCC6B181}.Debug|Any CPU.Build.0 = Debug|Any CPU
		{A108F195-357C-4CC9-8F87-6DEBDCC6B181}.Release|Any CPU.ActiveCfg = Release|Any CPU
		{A108F195-357C-4CC9-8F87-6DEBDCC6B181}.Release|Any CPU.Build.0 = Release|Any CPU
		{F60CFED6-43ED-4D43-A242-F7D174C32BA3}.Debug|Any CPU.ActiveCfg = Debug|Any CPU
		{F60CFED6-43ED-4D43-A242-F7D174C32BA3}.Debug|Any CPU.Build.0 = Debug|Any CPU
		{F60CFED6-43ED-4D43-A242-F7D174C32BA3}.Release|Any CPU.ActiveCfg = Release|Any CPU
		{F60CFED6-43ED-4D43-A242-F7D174C32BA3}.Release|Any CPU.Build.0 = Release|Any CPU
		{BA53035F-2DA3-4ECC-9B76-6FA469CD4332}.Debug|Any CPU.ActiveCfg = Debug|Any CPU
		{BA53035F-2DA3-4ECC-9B76-6FA469CD4332}.Debug|Any CPU.Build.0 = Debug|Any CPU
		{BA53035F-2DA3-4ECC-9B76-6FA469CD4332}.Release|Any CPU.ActiveCfg = Release|Any CPU
		{BA53035F-2DA3-4ECC-9B76-6FA469CD4332}.Release|Any CPU.Build.0 = Release|Any CPU
		{16BDF24C-8F4C-4032-9308-ABBF588C6ECD}.Debug|Any CPU.ActiveCfg = Debug|Any CPU
		{16BDF24C-8F4C-4032-9308-ABBF588C6ECD}.Debug|Any CPU.Build.0 = Debug|Any CPU
		{16BDF24C-8F4C-4032-9308-ABBF588C6ECD}.Release|Any CPU.ActiveCfg = Release|Any CPU
		{16BDF24C-8F4C-4032-9308-ABBF588C6ECD}.Release|Any CPU.Build.0 = Release|Any CPU
		{E00361D4-1738-4CB3-B795-E84732076EB9}.Debug|Any CPU.ActiveCfg = Debug|Any CPU
		{E00361D4-1738-4CB3-B795-E84732076EB9}.Debug|Any CPU.Build.0 = Debug|Any CPU
		{E00361D4-1738-4CB3-B795-E84732076EB9}.Release|Any CPU.ActiveCfg = Release|Any CPU
		{E00361D4-1738-4CB3-B795-E84732076EB9}.Release|Any CPU.Build.0 = Release|Any CPU
	EndGlobalSection
	GlobalSection(SolutionProperties) = preSolution
		HideSolutionNode = FALSE
	EndGlobalSection
	GlobalSection(NestedProjects) = preSolution
		{4AF0674E-F162-4F86-93D8-232FEDC81118} = {7E391061-CA34-4712-9220-ECDFC56FA8ED}
		{3A32D236-A3A4-405F-AE5D-A37EA4B7AEC8} = {7E391061-CA34-4712-9220-ECDFC56FA8ED}
		{A108F195-357C-4CC9-8F87-6DEBDCC6B181} = {7E391061-CA34-4712-9220-ECDFC56FA8ED}
		{F60CFED6-43ED-4D43-A242-F7D174C32BA3} = {885FC963-5F7C-4F69-93B6-273688E0AAC6}
		{BA53035F-2DA3-4ECC-9B76-6FA469CD4332} = {885FC963-5F7C-4F69-93B6-273688E0AAC6}
		{16BDF24C-8F4C-4032-9308-ABBF588C6ECD} = {885FC963-5F7C-4F69-93B6-273688E0AAC6}
		{E00361D4-1738-4CB3-B795-E84732076EB9} = {885FC963-5F7C-4F69-93B6-273688E0AAC6}
	EndGlobalSection
	GlobalSection(ExtensibilityGlobals) = postSolution
		SolutionGuid = {920E865C-228D-434C-AFCC-48792859E292}
	EndGlobalSection
EndGlobal
